
Microsoft Visual Studio Solution File, Format Version 12.00
# Visual Studio Version 16
VisualStudioVersion = 16.0.30621.155
MinimumVisualStudioVersion = 10.0.40219.1
Project("{FAE04EC0-301F-11D3-BF4B-00C04F79EFBC}") = "AutoscalingAzureContainerInstances.Website", "AutoscalingAzureContainerInstances.Website\AutoscalingAzureContainerInstances.Website.csproj", "{B17FA6B1-306E-4139-9FA5-0B05F753A363}"
EndProject
Global
	GlobalSection(SolutionConfigurationPlatforms) = preSolution
		Debug|Any CPU = Debug|Any CPU
		Release|Any CPU = Release|Any CPU
	EndGlobalSection
	GlobalSection(ProjectConfigurationPlatforms) = postSolution
		{B17FA6B1-306E-4139-9FA5-0B05F753A363}.Debug|Any CPU.ActiveCfg = Debug|Any CPU
		{B17FA6B1-306E-4139-9FA5-0B05F753A363}.Debug|Any CPU.Build.0 = Debug|Any CPU
		{B17FA6B1-306E-4139-9FA5-0B05F753A363}.Release|Any CPU.ActiveCfg = Release|Any CPU
		{B17FA6B1-306E-4139-9FA5-0B05F753A363}.Release|Any CPU.Build.0 = Release|Any CPU
	EndGlobalSection
	GlobalSection(SolutionProperties) = preSolution
		HideSolutionNode = FALSE
	EndGlobalSection
	GlobalSection(ExtensibilityGlobals) = postSolution
		SolutionGuid = {39048D7D-AFDA-48A5-9F2A-63F1C596058A}
	EndGlobalSection
EndGlobal
